
Microsoft Visual Studio Solution File, Format Version 12.00
# Visual Studio Version 17
VisualStudioVersion = 17.10.35013.160
MinimumVisualStudioVersion = 10.0.40219.1
Project("{9A19103F-16F7-4668-BE54-9A1E7A4F7556}") = "Blazor_Login_System", "Blazor_Login_System\Blazor_Login_System.csproj", "{B0EE90CC-81D5-49DB-A15C-B50EA669BFF1}"
EndProject
Global
	GlobalSection(SolutionConfigurationPlatforms) = preSolution
		Debug|Any CPU = Debug|Any CPU
		Release|Any CPU = Release|Any CPU
	EndGlobalSection
	GlobalSection(ProjectConfigurationPlatforms) = postSolution
		{B0EE90CC-81D5-49DB-A15C-B50EA669BFF1}.Debug|Any CPU.ActiveCfg = Debug|Any CPU
		{B0EE90CC-81D5-49DB-A15C-B50EA669BFF1}.Debug|Any CPU.Build.0 = Debug|Any CPU
		{B0EE90CC-81D5-49DB-A15C-B50EA669BFF1}.Release|Any CPU.ActiveCfg = Release|Any CPU
		{B0EE90CC-81D5-49DB-A15C-B50EA669BFF1}.Release|Any CPU.Build.0 = Release|Any CPU
	EndGlobalSection
	GlobalSection(SolutionProperties) = preSolution
		HideSolutionNode = FALSE
	EndGlobalSection
	GlobalSection(ExtensibilityGlobals) = postSolution
		SolutionGuid = {ADF9869F-1709-46B1-9731-59C54EF920F7}
	EndGlobalSection
EndGlobal
